
Microsoft Visual Studio Solution File, Format Version 12.00
# Visual Studio Version 17
VisualStudioVersion = 17.6.33801.468
MinimumVisualStudioVersion = 10.0.40219.1
Project("{9A19103F-16F7-4668-BE54-9A1E7A4F7556}") = "LarryPage", "LarryPage.csproj", "{FE2428C1-AD20-4B96-9F11-A5CB38F14A9A}"
EndProject
Project("{FAE04EC0-301F-11D3-BF4B-00C04F79EFBC}") = "LarryPage.DataAccess", "..\LarryPage.DataAccess\LarryPage.DataAccess.csproj", "{7FD2C100-E388-45B0-B219-25291CC128E9}"
EndProject
Project("{FAE04EC0-301F-11D3-BF4B-00C04F79EFBC}") = "LarryPage.Models", "..\LarryPage.Models\LarryPage.Models.csproj", "{157C40F7-FC3D-4787-9489-B00BC0E69830}"
EndProject
Project("{FAE04EC0-301F-11D3-BF4B-00C04F79EFBC}") = "LarryPage.Utility", "..\LarryPage.Utility\LarryPage.Utility.csproj", "{11AE598B-73F4-4055-A8B9-60BF6101DB22}"
EndProject
Global
	GlobalSection(SolutionConfigurationPlatforms) = preSolution
		Debug|Any CPU = Debug|Any CPU
		Release|Any CPU = Release|Any CPU
	EndGlobalSection
	GlobalSection(ProjectConfigurationPlatforms) = postSolution
		{FE2428C1-AD20-4B96-9F11-A5CB38F14A9A}.Debug|Any CPU.ActiveCfg = Debug|Any CPU
		{FE2428C1-AD20-4B96-9F11-A5CB38F14A9A}.Debug|Any CPU.Build.0 = Debug|Any CPU
		{FE2428C1-AD20-4B96-9F11-A5CB38F14A9A}.Release|Any CPU.ActiveCfg = Release|Any CPU
		{FE2428C1-AD20-4B96-9F11-A5CB38F14A9A}.Release|Any CPU.Build.0 = Release|Any CPU
		{7FD2C100-E388-45B0-B219-25291CC128E9}.Debug|Any CPU.ActiveCfg = Debug|Any CPU
		{7FD2C100-E388-45B0-B219-25291CC128E9}.Debug|Any CPU.Build.0 = Debug|Any CPU
		{7FD2C100-E388-45B0-B219-25291CC128E9}.Release|Any CPU.ActiveCfg = Release|Any CPU
		{7FD2C100-E388-45B0-B219-25291CC128E9}.Release|Any CPU.Build.0 = Release|Any CPU
		{157C40F7-FC3D-4787-9489-B00BC0E69830}.Debug|Any CPU.ActiveCfg = Debug|Any CPU
		{157C40F7-FC3D-4787-9489-B00BC0E69830}.Debug|Any CPU.Build.0 = Debug|Any CPU
		{157C40F7-FC3D-4787-9489-B00BC0E69830}.Release|Any CPU.ActiveCfg = Release|Any CPU
		{157C40F7-FC3D-4787-9489-B00BC0E69830}.Release|Any CPU.Build.0 = Release|Any CPU
		{11AE598B-73F4-4055-A8B9-60BF6101DB22}.Debug|Any CPU.ActiveCfg = Debug|Any CPU
		{11AE598B-73F4-4055-A8B9-60BF6101DB22}.Debug|Any CPU.Build.0 = Debug|Any CPU
		{11AE598B-73F4-4055-A8B9-60BF6101DB22}.Release|Any CPU.ActiveCfg = Release|Any CPU
		{11AE598B-73F4-4055-A8B9-60BF6101DB22}.Release|Any CPU.Build.0 = Release|Any CPU
	EndGlobalSection
	GlobalSection(SolutionProperties) = preSolution
		HideSolutionNode = FALSE
	EndGlobalSection
	GlobalSection(ExtensibilityGlobals) = postSolution
		SolutionGuid = {D0C9E468-D397-4376-8378-0020B9E2D3A9}
	EndGlobalSection
EndGlobal
